
Microsoft Visual Studio Solution File, Format Version 12.00
# Visual Studio 15
Project("{FAE04EC0-301F-11D3-BF4B-00C04F79EFBC}") = "Assembly-CSharp", "Assembly-CSharp.csproj", "{DEF3732C-6A72-B92A-5E1F-1F924643A427}"
EndProject
Project("{FAE04EC0-301F-11D3-BF4B-00C04F79EFBC}") = "Assembly-CSharp-Editor", "Assembly-CSharp-Editor.csproj", "{57430B26-446A-6247-4AED-7481AC62E748}"
EndProject
Global
	GlobalSection(SolutionConfigurationPlatforms) = preSolution
		Debug|Any CPU = Debug|Any CPU
		Release|Any CPU = Release|Any CPU
	EndGlobalSection
	GlobalSection(ProjectConfigurationPlatforms) = postSolution
		{DEF3732C-6A72-B92A-5E1F-1F924643A427}.Debug|Any CPU.ActiveCfg = Debug|Any CPU
		{DEF3732C-6A72-B92A-5E1F-1F924643A427}.Debug|Any CPU.Build.0 = Debug|Any CPU
		{DEF3732C-6A72-B92A-5E1F-1F924643A427}.Release|Any CPU.ActiveCfg = Release|Any CPU
		{DEF3732C-6A72-B92A-5E1F-1F924643A427}.Release|Any CPU.Build.0 = Release|Any CPU
		{57430B26-446A-6247-4AED-7481AC62E748}.Debug|Any CPU.ActiveCfg = Debug|Any CPU
		{57430B26-446A-6247-4AED-7481AC62E748}.Debug|Any CPU.Build.0 = Debug|Any CPU
		{57430B26-446A-6247-4AED-7481AC62E748}.Release|Any CPU.ActiveCfg = Release|Any CPU
		{57430B26-446A-6247-4AED-7481AC62E748}.Release|Any CPU.Build.0 = Release|Any CPU
	EndGlobalSection
	GlobalSection(SolutionProperties) = preSolution
		HideSolutionNode = FALSE
	EndGlobalSection
EndGlobal
